{
  "schema": 1,
  "hosts": [
    "linux-x64",
    "macos-arm",
    "windows-x64"
  ],
  "tools": {
    "basedpyright": {
      "version": "1.39.10",
      "hosts": {}
    },
    "cmake": {
      "version": "4.4.2",
      "hosts": {
        "linux-x64": "sha256:47e345a66da2585104d18716274c026dec16167e573e55830df5db2363ffbf89",
        "macos-arm": "sha256:80598a1728466e4ba8d663cd7f7a60d157eaaf3098fee0e5fd4d0d5a2308b845",
        "windows-x64": "sha256:7172c01f69c8842b4668daf761a10650576010ef09175ac1bd87698932b46d1c"
      }
    },
    "coverage": {
      "version": "7.15.4",
      "hosts": {}
    },
    "docker": {
      "version": "29.7.2",
      "hosts": {}
    },
    "git": {
      "version": "2.55.0",
      "hosts": {}
    },
    "mypy": {
      "version": "2.3.1",
      "hosts": {}
    },
    "pyrefly": {
      "version": "1.3.1",
      "hosts": {}
    },
    "pytest": {
      "version": "9.1.1",
      "hosts": {}
    },
    "ruff": {
      "version": "0.16.4",
      "hosts": {}
    },
    "ty": {
      "version": "0.0.62",
      "hosts": {
        "linux-x64": "sha256:eb398876b2440ed58451fe5a141b783b8412a10f3b4fbdfacad5f1545442cbfb",
        "macos-arm": "sha256:db146b3ea0271bd862d739e6a0b12bc6ead4c8c2b621adc4ab5bd179657f14dd",
        "windows-x64": "sha256:267b878ccba2df3d3dccd4a2e7044a0af60d52a18659c51efead82a46f1b09ca"
      }
    },
    "uv": {
      "version": "0.11.26",
      "hosts": {
        "linux-x64": "sha256:0a16e9ed1399a1823dc5b5c575db35e83c33e28fb81a5161d90176d99bfb5eaa",
        "macos-arm": "sha256:4b0fb7a45a0db28c41b9a1c14ac1434d4ca2ae4e4a790607ca8569a79162f1d2",
        "windows-x64": "sha256:a8ad57e3978b405b035c20f463d96b0ce83c28583655a63bca6fd2e570a829dd"
      }
    },
    "zensical": {
      "version": "0.0.56",
      "hosts": {}
    }
  }
}
